github.com/gen2brain/malgo v0.11.25 h1:g0eMVeZIBvMRBbkVSR8p7ZafGFbxBcQERPa1GKHkg34=
github.com/gen2brain/malgo v0.11.25/go.mod h1:xLVG3ROA33Bzol1quF3e4ehqcFuqh8QK4B8T6LQUs/M=
github.com/maxhawkins/go-webrtcvad v0.0.0-20210121163624-be60036f3083 h1:0JDcvP4R28p6+u8VIHCwYx7UwiHZ074INz3C397oc9s=
github.com/maxhawkins/go-webrtcvad v0.0.0-20210121163624-be60036f3083/go.mod h1:YdrZ05xnooeP54y7m+/UvI23O1Td46PjWkLJu1VLObM=
